{
  "requires": true,
  "lockfileVersion": 1,
  "dependencies": {
    "line-intersect": {
      "version": "2.1.1",
      "resolved": "https://registry.npmjs.org/line-intersect/-/line-intersect-2.1.1.tgz",
      "integrity": "sha512-1Uh6f0H+cjSFE+579kJRw6RQhTJSQGiM6iqvbR/IOD0ewKjqUOFb1u/ebVgu13UZoLe3x7nIu+8uHG8csactIQ=="
    }
  }
}
